
Microsoft Visual Studio Solution File, Format Version 12.00
# Visual Studio Version 17
VisualStudioVersion = 17.0.31903.59
MinimumVisualStudioVersion = 10.0.40219.1
Project("{FAE04EC0-301F-11D3-BF4B-00C04F79EFBC}") = "Sang.UAParser.Tests", "test\Sang.UAParser.Tests.csproj", "{3F26EDFE-6EAA-4D0B-BC17-0B59204FAAD9}"
EndProject
Project("{FAE04EC0-301F-11D3-BF4B-00C04F79EFBC}") = "Sang.UAParser", "src\Sang.UAParser.csproj", "{765F1B82-166A-414D-9234-6959D71A0388}"
EndProject
Project("{FAE04EC0-301F-11D3-BF4B-00C04F79EFBC}") = "Sang.UAParser.Tool", "tool\Sang.UAParser.Tool.csproj", "{31505F26-31B9-4826-A3D3-3F25F3616DF8}"
EndProject
Global
	GlobalSection(SolutionConfigurationPlatforms) = preSolution
		Debug|Any CPU = Debug|Any CPU
		Release|Any CPU = Release|Any CPU
	EndGlobalSection
	GlobalSection(SolutionProperties) = preSolution
		HideSolutionNode = FALSE
	EndGlobalSection
	GlobalSection(ProjectConfigurationPlatforms) = postSolution
		{3F26EDFE-6EAA-4D0B-BC17-0B59204FAAD9}.Debug|Any CPU.ActiveCfg = Debug|Any CPU
		{3F26EDFE-6EAA-4D0B-BC17-0B59204FAAD9}.Debug|Any CPU.Build.0 = Debug|Any CPU
		{3F26EDFE-6EAA-4D0B-BC17-0B59204FAAD9}.Release|Any CPU.ActiveCfg = Release|Any CPU
		{3F26EDFE-6EAA-4D0B-BC17-0B59204FAAD9}.Release|Any CPU.Build.0 = Release|Any CPU
		{765F1B82-166A-414D-9234-6959D71A0388}.Debug|Any CPU.ActiveCfg = Debug|Any CPU
		{765F1B82-166A-414D-9234-6959D71A0388}.Debug|Any CPU.Build.0 = Debug|Any CPU
		{765F1B82-166A-414D-9234-6959D71A0388}.Release|Any CPU.ActiveCfg = Release|Any CPU
		{765F1B82-166A-414D-9234-6959D71A0388}.Release|Any CPU.Build.0 = Release|Any CPU
		{31505F26-31B9-4826-A3D3-3F25F3616DF8}.Debug|Any CPU.ActiveCfg = Debug|Any CPU
		{31505F26-31B9-4826-A3D3-3F25F3616DF8}.Debug|Any CPU.Build.0 = Debug|Any CPU
		{31505F26-31B9-4826-A3D3-3F25F3616DF8}.Release|Any CPU.ActiveCfg = Release|Any CPU
		{31505F26-31B9-4826-A3D3-3F25F3616DF8}.Release|Any CPU.Build.0 = Release|Any CPU
	EndGlobalSection
EndGlobal
